// !$*UTF8*$!
{
	archiveVersion = 1;
	classes = {
	};
	objectVersion = 46;
	objects = {

/* Begin PBXBuildFile section */
		9234266D1A224F54005305D0 /* AppDelegate.swift in Sources */ = {isa = PBXBuildFile; fileRef = 9234266C1A224F54005305D0 /* AppDelegate.swift */; };
		9234266F1A224F54005305D0 /* ViewController.swift in Sources */ = {isa = PBXBuildFile; fileRef = 9234266E1A224F54005305D0 /* ViewController.swift */; };
		923426721A224F54005305D0 /* Main.storyboard in Resources */ = {isa = PBXBuildFile; fileRef = 923426701A224F54005305D0 /* Main.storyboard */; };
		923426741A224F54005305D0 /* Images.xcassets in Resources */ = {isa = PBXBuildFile; fileRef = 923426731A224F54005305D0 /* Images.xcassets */; };
		923426771A224F54005305D0 /* LaunchScreen.xib in Resources */ = {isa = PBXBuildFile; fileRef = 923426751A224F54005305D0 /* LaunchScreen.xib */; };
		923426831A224F54005305D0 /* CheckTimerTests.swift in Sources */ = {isa = PBXBuildFile; fileRef = 923426821A224F54005305D0 /* CheckTimerTests.swift */; };
/* End PBXBuildFile section */

/* Begin PBXContainerItemProxy section */
		9234267D1A224F54005305D0 /* PBXContainerItemProxy */ = {
			isa = PBXContainerItemProxy;
			containerPortal = 9234265F1A224F54005305D0 /* Project object */;
			proxyType = 1;
			remoteGlobalIDString = 923426661A224F54005305D0;
			remoteInfo = CheckTimer;
		};
/* End PBXContainerItemProxy section */

/* Begin PBXFileReference section */
		923426671A224F54005305D0 /* CheckTimer.app */ = {isa = PBXFileReference; explicitFileType = wrapper.application; includeInIndex = 0; path = CheckTimer.app; sourceTree = BUILT_PRODUCTS_DIR; };
		9234266B1A224F54005305D0 /* Info.plist */ = {isa = PBXFileReference; lastKnownFileType = text.plist.xml; path = Info.plist; sourceTree = "<group>"; };
		9234266C1A224F54005305D0 /* AppDelegate.swift */ = {isa = PBXFileReference; lastKnownFileType = sourcecode.swift; path = AppDelegate.swift; sourceTree = "<group>"; };
		9234266E1A224F54005305D0 /* ViewController.swift */ = {isa = PBXFileReference; lastKnownFileType = sourcecode.swift; path = ViewController.swift; sourceTree = "<group>"; };
		923426711A224F54005305D0 /* Base */ = {isa = PBXFileReference; lastKnownFileType = file.storyboard; name = Base; path = Base.lproj/Main.storyboard; sourceTree = "<group>"; };
		923426731A224F54005305D0 /* Images.xcassets */ = {isa = PBXFileReference; lastKnownFileType = folder.assetcatalog; path = Images.xcassets; sourceTree = "<group>"; };
		923426761A224F54005305D0 /* Base */ = {isa = PBXFileReference; lastKnownFileType = file.xib; name = Base; path = Base.lproj/LaunchScreen.xib; sourceTree = "<group>"; };
		9234267C1A224F54005305D0 /* CheckTimerTests.xctest */ = {isa = PBXFileReference; explicitFileType = wrapper.cfbundle; includeInIndex = 0; path = CheckTimerTests.xctest; sourceTree = BUILT_PRODUCTS_DIR; };
		923426811A224F54005305D0 /* Info.plist */ = {isa = PBXFileReference; lastKnownFileType = text.plist.xml; path = Info.plist; sourceTree = "<group>"; };
		923426821A224F54005305D0 /* CheckTimerTests.swift */ = {isa = PBXFileReference; lastKnownFileType = sourcecode.swift; path = CheckTimerTests.swift; sourceTree = "<group>"; };
/* End PBXFileReference section */

/* Begin PBXFrameworksBuildPhase section */
		923426641A224F54005305D0 /* Frameworks */ = {
			isa = PBXFrameworksBuildPhase;
			buildActionMask = 2147483647;
			files = (
			);
			runOnlyForDeploymentPostprocessing = 0;
		};
		923426791A224F54005305D0 /* Frameworks */ = {
			isa = PBXFrameworksBuildPhase;
			buildActionMask = 2147483647;
			files = (
			);
			runOnlyForDeploymentPostprocessing = 0;
		};
/* End PBXFrameworksBuildPhase section */

/* Begin PBXGroup section */
		9234265E1A224F54005305D0 = {
			isa = PBXGroup;
			children = (
				923426691A224F54005305D0 /* CheckTimer */,
				9234267F1A224F54005305D0 /* CheckTimerTests */,
				923426681A224F54005305D0 /* Products */,
			);
			sourceTree = "<group>";
		};
		923426681A224F54005305D0 /* Products */ = {
			isa = PBXGroup;
			children = (
				923426671A224F54005305D0 /* CheckTimer.app */,
				9234267C1A224F54005305D0 /* CheckTimerTests.xctest */,
			);
			name = Products;
			sourceTree = "<group>";
		};
		923426691A224F54005305D0 /* CheckTimer */ = {
			isa = PBXGroup;
			children = (
				9234266C1A224F54005305D0 /* AppDelegate.swift */,
				9234266E1A224F54005305D0 /* ViewController.swift */,
				923426701A224F54005305D0 /* Main.storyboard */,
				923426731A224F54005305D0 /* Images.xcassets */,
				923426751A224F54005305D0 /* LaunchScreen.xib */,
				9234266A1A224F54005305D0 /* Supporting Files */,
			);
			path = CheckTimer;
			sourceTree = "<group>";
		};
		9234266A1A224F54005305D0 /* Supporting Files */ = {
			isa = PBXGroup;
			children = (
				9234266B1A224F54005305D0 /* Info.plist */,
			);
			name = "Supporting Files";
			sourceTree = "<group>";
		};
		9234267F1A224F54005305D0 /* CheckTimerTests */ = {
			isa = PBXGroup;
			children = (
				923426821A224F54005305D0 /* CheckTimerTests.swift */,
				923426801A224F54005305D0 /* Supporting Files */,
			);
			path = CheckTimerTests;
			sourceTree = "<group>";
		};
		923426801A224F54005305D0 /* Supporting Files */ = {
			isa = PBXGroup;
			children = (
				923426811A224F54005305D0 /* Info.plist */,
			);
			name = "Supporting Files";
			sourceTree = "<group>";
		};
/* End PBXGroup section */

/* Begin PBXNativeTarget section */
		923426661A224F54005305D0 /* CheckTimer */ = {
			isa = PBXNativeTarget;
			buildConfigurationList = 923426861A224F54005305D0 /* Build configuration list for PBXNativeTarget "CheckTimer" */;
			buildPhases = (
				923426631A224F54005305D0 /* Sources */,
				923426641A224F54005305D0 /* Frameworks */,
				923426651A224F54005305D0 /* Resources */,
			);
			buildRules = (
			);
			dependencies = (
			);
			name = CheckTimer;
			productName = CheckTimer;
			productReference = 923426671A224F54005305D0 /* CheckTimer.app */;
			productType = "com.apple.product-type.application";
		};
		9234267B1A224F54005305D0 /* CheckTimerTests */ = {
			isa = PBXNativeTarget;
			buildConfigurationList = 923426891A224F54005305D0 /* Build configuration list for PBXNativeTarget "CheckTimerTests" */;
			buildPhases = (
				923426781A224F54005305D0 /* Sources */,
				923426791A224F54005305D0 /* Frameworks */,
				9234267A1A224F54005305D0 /* Resources */,
			);
			buildRules = (
			);
			dependencies = (
				9234267E1A224F54005305D0 /* PBXTargetDependency */,
			);
			name = CheckTimerTests;
			productName = CheckTimerTests;
			productReference = 9234267C1A224F54005305D0 /* CheckTimerTests.xctest */;
			productType = "com.apple.product-type.bundle.unit-test";
		};
/* End PBXNativeTarget section */

/* Begin PBXProject section */
		9234265F1A224F54005305D0 /* Project object */ = {
			isa = PBXProject;
			attributes = {
				LastUpgradeCheck = 0610;
				ORGANIZATIONNAME = "Денис Львович";
				TargetAttributes = {
					923426661A224F54005305D0 = {
						CreatedOnToolsVersion = 6.1;
					};
					9234267B1A224F54005305D0 = {
						CreatedOnToolsVersion = 6.1;
						TestTargetID = 923426661A224F54005305D0;
					};
				};
			};
			buildConfigurationList = 923426621A224F54005305D0 /* Build configuration list for PBXProject "CheckTimer" */;
			compatibilityVersion = "Xcode 3.2";
			developmentRegion = English;
			hasScannedForEncodings = 0;
			knownRegions = (
				en,
				Base,
			);
			mainGroup = 9234265E1A224F54005305D0;
			productRefGroup = 923426681A224F54005305D0 /* Products */;
			projectDirPath = "";
			projectRoot = "";
			targets = (
				923426661A224F54005305D0 /* CheckTimer */,
				9234267B1A224F54005305D0 /* CheckTimerTests */,
			);
		};
/* End PBXProject section */

/* Begin PBXResourcesBuildPhase section */
		923426651A224F54005305D0 /* Resources */ = {
			isa = PBXResourcesBuildPhase;
			buildActionMask = 2147483647;
			files = (
				923426721A224F54005305D0 /* Main.storyboard in Resources */,
				923426771A224F54005305D0 /* LaunchScreen.xib in Resources */,
				923426741A224F54005305D0 /* Images.xcassets in Resources */,
			);
			runOnlyForDeploymentPostprocessing = 0;
		};
		9234267A1A224F54005305D0 /* Resources */ = {
			isa = PBXResourcesBuildPhase;
			buildActionMask = 2147483647;
			files = (
			);
			runOnlyForDeploymentPostprocessing = 0;
		};
/* End PBXResourcesBuildPhase section */

/* Begin PBXSourcesBuildPhase section */
		923426631A224F54005305D0 /* Sources */ = {
			isa = PBXSourcesBuildPhase;
			buildActionMask = 2147483647;
			files = (
				9234266F1A224F54005305D0 /* ViewController.swift in Sources */,
				9234266D1A224F54005305D0 /* AppDelegate.swift in Sources */,
			);
			runOnlyForDeploymentPostprocessing = 0;
		};
		923426781A224F54005305D0 /* Sources */ = {
			isa = PBXSourcesBuildPhase;
			buildActionMask = 2147483647;
			files = (
				923426831A224F54005305D0 /* CheckTimerTests.swift in Sources */,
			);
			runOnlyForDeploymentPostprocessing = 0;
		};
/* End PBXSourcesBuildPhase section */

/* Begin PBXTargetDependency section */
		9234267E1A224F54005305D0 /* PBXTargetDependency */ = {
			isa = PBXTargetDependency;
			target = 923426661A224F54005305D0 /* CheckTimer */;
			targetProxy = 9234267D1A224F54005305D0 /* PBXContainerItemProxy */;
		};
/* End PBXTargetDependency section */

/* Begin PBXVariantGroup section */
		923426701A224F54005305D0 /* Main.storyboard */ = {
			isa = PBXVariantGroup;
			children = (
				923426711A224F54005305D0 /* Base */,
			);
			name = Main.storyboard;
			sourceTree = "<group>";
		};
		923426751A224F54005305D0 /* LaunchScreen.xib */ = {
			isa = PBXVariantGroup;
			children = (
				923426761A224F54005305D0 /* Base */,
			);
			name = LaunchScreen.xib;
			sourceTree = "<group>";
		};
/* End PBXVariantGroup section */

/* Begin XCBuildConfiguration section */
		923426841A224F54005305D0 /* Debug */ = {
			isa = XCBuildConfiguration;
			buildSettings = {
				ALWAYS_SEARCH_USER_PATHS = NO;
				CLANG_CXX_LANGUAGE_STANDARD = "gnu++0x";
				CLANG_CXX_LIBRARY = "libc++";
				CLANG_ENABLE_MODULES = YES;
				CLANG_ENABLE_OBJC_ARC = YES;
				CLANG_WARN_BOOL_CONVERSION = YES;
				CLANG_WARN_CONSTANT_CONVERSION = YES;
				CLANG_WARN_DIRECT_OBJC_ISA_USAGE = YES_ERROR;
				CLANG_WARN_EMPTY_BODY = YES;
				CLANG_WARN_ENUM_CONVERSION = YES;
				CLANG_WARN_INT_CONVERSION = YES;
				CLANG_WARN_OBJC_ROOT_CLASS = YES_ERROR;
				CLANG_WARN_UNREACHABLE_CODE = YES;
				CLANG_WARN__DUPLICATE_METHOD_MATCH = YES;
				"CODE_SIGN_IDENTITY[sdk=iphoneos*]" = "iPhone Developer";
				COPY_PHASE_STRIP = NO;
				ENABLE_STRICT_OBJC_MSGSEND = YES;
				GCC_C_LANGUAGE_STANDARD = gnu99;
				GCC_DYNAMIC_NO_PIC = NO;
				GCC_OPTIMIZATION_LEVEL = 0;
				GCC_PREPROCESSOR_DEFINITIONS = (
					"DEBUG=1",
					"$(inherited)",
				);
				GCC_SYMBOLS_PRIVATE_EXTERN = NO;
				GCC_WARN_64_TO_32_BIT_CONVERSION = YES;
				GCC_WARN_ABOUT_RETURN_TYPE = YES_ERROR;
				GCC_WARN_UNDECLARED_SELECTOR = YES;
				GCC_WARN_UNINITIALIZED_AUTOS = YES_AGGRESSIVE;
				GCC_WARN_UNUSED_FUNCTION = YES;
				GCC_WARN_UNUSED_VARIABLE = YES;
				IPHONEOS_DEPLOYMENT_TARGET = 7.1;
				MTL_ENABLE_DEBUG_INFO = YES;
				ONLY_ACTIVE_ARCH = YES;
				SDKROOT = iphoneos;
				SWIFT_OPTIMIZATION_LEVEL = "-Onone";
			};
			name = Debug;
		};
		923426851A224F54005305D0 /* Release */ = {
			isa = XCBuildConfiguration;
			buildSettings = {
				ALWAYS_SEARCH_USER_PATHS = NO;
				CLANG_CXX_LANGUAGE_STANDARD = "gnu++0x";
				CLANG_CXX_LIBRARY = "libc++";
				CLANG_ENABLE_MODULES = YES;
				CLANG_ENABLE_OBJC_ARC = YES;
				CLANG_WARN_BOOL_CONVERSION = YES;
				CLANG_WARN_CONSTANT_CONVERSION = YES;
				CLANG_WARN_DIRECT_OBJC_ISA_USAGE = YES_ERROR;
				CLANG_WARN_EMPTY_BODY = YES;
				CLANG_WARN_ENUM_CONVERSION = YES;
				CLANG_WARN_INT_CONVERSION = YES;
				CLANG_WARN_OBJC_ROOT_CLASS = YES_ERROR;
				CLANG_WARN_UNREACHABLE_CODE = YES;
				CLANG_WARN__DUPLICATE_METHOD_MATCH = YES;
				"CODE_SIGN_IDENTITY[sdk=iphoneos*]" = "iPhone Developer";
				COPY_PHASE_STRIP = YES;
				ENABLE_NS_ASSERTIONS = NO;
				ENABLE_STRICT_OBJC_MSGSEND = YES;
				GCC_C_LANGUAGE_STANDARD = gnu99;
				GCC_WARN_64_TO_32_BIT_CONVERSION = YES;
				GCC_WARN_ABOUT_RETURN_TYPE = YES_ERROR;
				GCC_WARN_UNDECLARED_SELECTOR = YES;
				GCC_WARN_UNINITIALIZED_AUTOS = YES_AGGRESSIVE;
				GCC_WARN_UNUSED_FUNCTION = YES;
				GCC_WARN_UNUSED_VARIABLE = YES;
				IPHONEOS_DEPLOYMENT_TARGET = 7.1;
				MTL_ENABLE_DEBUG_INFO = NO;
				SDKROOT = iphoneos;
				VALIDATE_PRODUCT = YES;
			};
			name = Release;
		};
		923426871A224F54005305D0 /* Debug */ = {
			isa = XCBuildConfiguration;
			buildSettings = {
				ASSETCATALOG_COMPILER_APPICON_NAME = AppIcon;
				INFOPLIST_FILE = CheckTimer/Info.plist;
				IPHONEOS_DEPLOYMENT_TARGET = 7.1;
				LD_RUNPATH_SEARCH_PATHS = "$(inherited) @executable_path/Frameworks";
				PRODUCT_NAME = "$(TARGET_NAME)";
			};
			name = Debug;
		};
		923426881A224F54005305D0 /* Release */ = {
			isa = XCBuildConfiguration;
			buildSettings = {
				ASSETCATALOG_COMPILER_APPICON_NAME = AppIcon;
				INFOPLIST_FILE = CheckTimer/Info.plist;
				IPHONEOS_DEPLOYMENT_TARGET = 7.1;
				LD_RUNPATH_SEARCH_PATHS = "$(inherited) @executable_path/Frameworks";
				PRODUCT_NAME = "$(TARGET_NAME)";
			};
			name = Release;
		};
		9234268A1A224F54005305D0 /* Debug */ = {
			isa = XCBuildConfiguration;
			buildSettings = {
				BUNDLE_LOADER = "$(TEST_HOST)";
				FRAMEWORK_SEARCH_PATHS = (
					"$(SDKROOT)/Developer/Library/Frameworks",
					"$(inherited)",
				);
				GCC_PREPROCESSOR_DEFINITIONS = (
					"DEBUG=1",
					"$(inherited)",
				);
				INFOPLIST_FILE = CheckTimerTests/Info.plist;
				LD_RUNPATH_SEARCH_PATHS = "$(inherited) @executable_path/Frameworks @loader_path/Frameworks";
				PRODUCT_NAME = "$(TARGET_NAME)";
				TEST_HOST = "$(BUILT_PRODUCTS_DIR)/CheckTimer.app/CheckTimer";
			};
			name = Debug;
		};
		9234268B1A224F54005305D0 /* Release */ = {
			isa = XCBuildConfiguration;
			buildSettings = {
				BUNDLE_LOADER = "$(TEST_HOST)";
				FRAMEWORK_SEARCH_PATHS = (
					"$(SDKROOT)/Developer/Library/Frameworks",
					"$(inherited)",
				);
				INFOPLIST_FILE = CheckTimerTests/Info.plist;
				LD_RUNPATH_SEARCH_PATHS = "$(inherited) @executable_path/Frameworks @loader_path/Frameworks";
				PRODUCT_NAME = "$(TARGET_NAME)";
				TEST_HOST = "$(BUILT_PRODUCTS_DIR)/CheckTimer.app/CheckTimer";
			};
			name = Release;
		};
/* End XCBuildConfiguration section */

/* Begin XCConfigurationList section */
		923426621A224F54005305D0 /* Build configuration list for PBXProject "CheckTimer" */ = {
			isa = XCConfigurationList;
			buildConfigurations = (
				923426841A224F54005305D0 /* Debug */,
				923426851A224F54005305D0 /* Release */,
			);
			defaultConfigurationIsVisible = 0;
			defaultConfigurationName = Release;
		};
		923426861A224F54005305D0 /* Build configuration list for PBXNativeTarget "CheckTimer" */ = {
			isa = XCConfigurationList;
			buildConfigurations = (
				923426871A224F54005305D0 /* Debug */,
				923426881A224F54005305D0 /* Release */,
			);
			defaultConfigurationIsVisible = 0;
			defaultConfigurationName = Release;
		};
		923426891A224F54005305D0 /* Build configuration list for PBXNativeTarget "CheckTimerTests" */ = {
			isa = XCConfigurationList;
			buildConfigurations = (
				9234268A1A224F54005305D0 /* Debug */,
				9234268B1A224F54005305D0 /* Release */,
			);
			defaultConfigurationIsVisible = 0;
			defaultConfigurationName = Release;
		};
/* End XCConfigurationList section */
	};
	rootObject = 9234265F1A224F54005305D0 /* Project object */;
}
